
Microsoft Visual Studio Solution File, Format Version 11.00
# Visual Studio 2010
Project("{8BC9CEB8-8B4A-11D0-8D11-00A0C91BC942}") = "d3dtost", "d3dtost\d3dtost.vcxproj", "{9BA41CD3-F547-4F93-BAA6-7B93EB1D3A13}"
EndProject
Project("{8BC9CEB8-8B4A-11D0-8D11-00A0C91BC942}") = "MyUtil", "MyUtil\MyUtil.vcxproj", "{B5B97509-1F26-4D3E-AC89-C3B99CA25E55}"
EndProject
Project("{54435603-DBB4-11D2-8724-00A0C9A8B90C}") = "ToastSetaup", "ToastSetaup\ToastSetaup.vdproj", "{25699BA0-10FE-4469-A646-B2F2E8CCEEDF}"
EndProject
Project("{8BC9CEB8-8B4A-11D0-8D11-00A0C91BC942}") = "Codeshare_Utilities", "Codeshare\isi_branch\Utilities\Project\Codeshare_Utilities.vcxproj", "{CF84D42C-A3C4-4D56-9586-EFF4FC3271ED}"
EndProject
Project("{8BC9CEB8-8B4A-11D0-8D11-00A0C91BC942}") = "ImageLoader", "..\ankh\Images\Project\ImageLoader.vcxproj", "{F3B33FB5-57DC-44CC-8B99-52AFA5F087BF}"
EndProject
Project("{8BC9CEB8-8B4A-11D0-8D11-00A0C91BC942}") = "TextureManager", "..\ankh\Textures\Project\TextureManager.vcxproj", "{126C2A20-0584-41BD-8658-164B81C4E8F7}"
EndProject
Project("{8BC9CEB8-8B4A-11D0-8D11-00A0C91BC942}") = "QuickTost", "QuickTost\QuickTost.vcxproj", "{CA504778-5B82-4BC6-9E87-3F394E6F7F79}"
EndProject
Project("{8BC9CEB8-8B4A-11D0-8D11-00A0C91BC942}") = "Surfaces", "..\ankh\Surfaces\Project\Surfaces.vcxproj", "{BC821220-382D-4691-8BBE-6DB8F45DA3F3}"
EndProject
Project("{8BC9CEB8-8B4A-11D0-8D11-00A0C91BC942}") = "UtilAndDefensiveHeap", "..\Sparrow2010\trunk\Tools\Delta\DLLs\UtilAndDebugLib\Project\UtilAndDebugLib.vcxproj", "{F2D735A6-3645-4A06-B368-BCC38D42EFEE}"
EndProject
Project("{8BC9CEB8-8B4A-11D0-8D11-00A0C91BC942}") = "IL Unicode", "DevIL\DevIL\src-IL\msvc9\IL Unicode.vcxproj", "{B46B180B-6079-4CE6-8647-A7D712774255}"
EndProject
Project("{8BC9CEB8-8B4A-11D0-8D11-00A0C91BC942}") = "ReadersWriters", "..\Sparrow2010\trunk\Tools\Delta\DLLs\ReadersWriters\Project\ReadersWriters.vcxproj", "{9C0F9AC1-ED6C-41C3-8078-CE565E945B75}"
EndProject
Project("{2150E333-8FDC-42A3-9474-1A3956D46DE8}") = "ExtraLibs", "ExtraLibs", "{798A8E2D-6334-463B-939D-A667599D620E}"
EndProject
Project("{2150E333-8FDC-42A3-9474-1A3956D46DE8}") = "Ankh", "Ankh", "{2470354D-9F80-4733-A5B4-58D7A7E1AF39}"
EndProject
Project("{2150E333-8FDC-42A3-9474-1A3956D46DE8}") = "Util", "Util", "{5E0DB312-D4EB-4172-9E18-D41E955996B2}"
EndProject
Project("{2150E333-8FDC-42A3-9474-1A3956D46DE8}") = "Ballocks", "Ballocks", "{E0D2E242-4A80-4E55-9B15-58BA67769E27}"
EndProject
Project("{8BC9CEB8-8B4A-11D0-8D11-00A0C91BC942}") = "Math", "..\ankh\Math\Project\Math.vcxproj", "{6E4F6764-BB80-4FA7-BDEB-296DFB306160}"
EndProject
Project("{8BC9CEB8-8B4A-11D0-8D11-00A0C91BC942}") = "Meshes", "..\ankh\Meshes\Project\Meshes.vcxproj", "{8346784F-011E-422A-B0CC-F383A21C4B69}"
EndProject
Global
	GlobalSection(SolutionConfigurationPlatforms) = preSolution
		Debug_Static|Win32 = Debug_Static|Win32
		Debug_Static|x64 = Debug_Static|x64
		Debug|Win32 = Debug|Win32
		Debug|x64 = Debug|x64
		Profile|Win32 = Profile|Win32
		Profile|x64 = Profile|x64
		Release|Win32 = Release|Win32
		Release|x64 = Release|x64
	EndGlobalSection
	GlobalSection(ProjectConfigurationPlatforms) = postSolution
		{9BA41CD3-F547-4F93-BAA6-7B93EB1D3A13}.Debug_Static|Win32.ActiveCfg = Debug_Static|Win32
		{9BA41CD3-F547-4F93-BAA6-7B93EB1D3A13}.Debug_Static|Win32.Build.0 = Debug_Static|Win32
		{9BA41CD3-F547-4F93-BAA6-7B93EB1D3A13}.Debug_Static|x64.ActiveCfg = Debug_Static|Win32
		{9BA41CD3-F547-4F93-BAA6-7B93EB1D3A13}.Debug|Win32.ActiveCfg = Debug|Win32
		{9BA41CD3-F547-4F93-BAA6-7B93EB1D3A13}.Debug|Win32.Build.0 = Debug|Win32
		{9BA41CD3-F547-4F93-BAA6-7B93EB1D3A13}.Debug|x64.ActiveCfg = Debug|Win32
		{9BA41CD3-F547-4F93-BAA6-7B93EB1D3A13}.Profile|Win32.ActiveCfg = Release|Win32
		{9BA41CD3-F547-4F93-BAA6-7B93EB1D3A13}.Profile|Win32.Build.0 = Release|Win32
		{9BA41CD3-F547-4F93-BAA6-7B93EB1D3A13}.Profile|x64.ActiveCfg = Release|Win32
		{9BA41CD3-F547-4F93-BAA6-7B93EB1D3A13}.Release|Win32.ActiveCfg = Release|Win32
		{9BA41CD3-F547-4F93-BAA6-7B93EB1D3A13}.Release|Win32.Build.0 = Release|Win32
		{9BA41CD3-F547-4F93-BAA6-7B93EB1D3A13}.Release|x64.ActiveCfg = Release|Win32
		{B5B97509-1F26-4D3E-AC89-C3B99CA25E55}.Debug_Static|Win32.ActiveCfg = Debug_Static|Win32
		{B5B97509-1F26-4D3E-AC89-C3B99CA25E55}.Debug_Static|Win32.Build.0 = Debug_Static|Win32
		{B5B97509-1F26-4D3E-AC89-C3B99CA25E55}.Debug_Static|x64.ActiveCfg = Debug_Static|Win32
		{B5B97509-1F26-4D3E-AC89-C3B99CA25E55}.Debug|Win32.ActiveCfg = Debug|Win32
		{B5B97509-1F26-4D3E-AC89-C3B99CA25E55}.Debug|Win32.Build.0 = Debug|Win32
		{B5B97509-1F26-4D3E-AC89-C3B99CA25E55}.Debug|x64.ActiveCfg = Debug|Win32
		{B5B97509-1F26-4D3E-AC89-C3B99CA25E55}.Profile|Win32.ActiveCfg = Release|Win32
		{B5B97509-1F26-4D3E-AC89-C3B99CA25E55}.Profile|Win32.Build.0 = Release|Win32
		{B5B97509-1F26-4D3E-AC89-C3B99CA25E55}.Profile|x64.ActiveCfg = Release|Win32
		{B5B97509-1F26-4D3E-AC89-C3B99CA25E55}.Release|Win32.ActiveCfg = Release|Win32
		{B5B97509-1F26-4D3E-AC89-C3B99CA25E55}.Release|Win32.Build.0 = Release|Win32
		{B5B97509-1F26-4D3E-AC89-C3B99CA25E55}.Release|x64.ActiveCfg = Release|Win32
		{25699BA0-10FE-4469-A646-B2F2E8CCEEDF}.Debug_Static|Win32.ActiveCfg = Debug_Static
		{25699BA0-10FE-4469-A646-B2F2E8CCEEDF}.Debug_Static|x64.ActiveCfg = Debug_Static
		{25699BA0-10FE-4469-A646-B2F2E8CCEEDF}.Debug_Static|x64.Build.0 = Debug_Static
		{25699BA0-10FE-4469-A646-B2F2E8CCEEDF}.Debug|Win32.ActiveCfg = Debug
		{25699BA0-10FE-4469-A646-B2F2E8CCEEDF}.Debug|x64.ActiveCfg = Debug
		{25699BA0-10FE-4469-A646-B2F2E8CCEEDF}.Profile|Win32.ActiveCfg = Release
		{25699BA0-10FE-4469-A646-B2F2E8CCEEDF}.Profile|x64.ActiveCfg = Release
		{25699BA0-10FE-4469-A646-B2F2E8CCEEDF}.Release|Win32.ActiveCfg = Release
		{25699BA0-10FE-4469-A646-B2F2E8CCEEDF}.Release|x64.ActiveCfg = Release
		{CF84D42C-A3C4-4D56-9586-EFF4FC3271ED}.Debug_Static|Win32.ActiveCfg = Debug_Static|Win32
		{CF84D42C-A3C4-4D56-9586-EFF4FC3271ED}.Debug_Static|Win32.Build.0 = Debug_Static|Win32
		{CF84D42C-A3C4-4D56-9586-EFF4FC3271ED}.Debug_Static|x64.ActiveCfg = Debug_Static|Win32
		{CF84D42C-A3C4-4D56-9586-EFF4FC3271ED}.Debug|Win32.ActiveCfg = Debug|Win32
		{CF84D42C-A3C4-4D56-9586-EFF4FC3271ED}.Debug|Win32.Build.0 = Debug|Win32
		{CF84D42C-A3C4-4D56-9586-EFF4FC3271ED}.Debug|x64.ActiveCfg = Debug|Win32
		{CF84D42C-A3C4-4D56-9586-EFF4FC3271ED}.Profile|Win32.ActiveCfg = Release|Win32
		{CF84D42C-A3C4-4D56-9586-EFF4FC3271ED}.Profile|Win32.Build.0 = Release|Win32
		{CF84D42C-A3C4-4D56-9586-EFF4FC3271ED}.Profile|x64.ActiveCfg = Release|Win32
		{CF84D42C-A3C4-4D56-9586-EFF4FC3271ED}.Release|Win32.ActiveCfg = Release|Win32
		{CF84D42C-A3C4-4D56-9586-EFF4FC3271ED}.Release|Win32.Build.0 = Release|Win32
		{CF84D42C-A3C4-4D56-9586-EFF4FC3271ED}.Release|x64.ActiveCfg = Release|Win32
		{F3B33FB5-57DC-44CC-8B99-52AFA5F087BF}.Debug_Static|Win32.ActiveCfg = Debug_Static|Win32
		{F3B33FB5-57DC-44CC-8B99-52AFA5F087BF}.Debug_Static|Win32.Build.0 = Debug_Static|Win32
		{F3B33FB5-57DC-44CC-8B99-52AFA5F087BF}.Debug_Static|x64.ActiveCfg = Debug_Static|Win32
		{F3B33FB5-57DC-44CC-8B99-52AFA5F087BF}.Debug|Win32.ActiveCfg = Debug|Win32
		{F3B33FB5-57DC-44CC-8B99-52AFA5F087BF}.Debug|Win32.Build.0 = Debug|Win32
		{F3B33FB5-57DC-44CC-8B99-52AFA5F087BF}.Debug|x64.ActiveCfg = Debug|Win32
		{F3B33FB5-57DC-44CC-8B99-52AFA5F087BF}.Profile|Win32.ActiveCfg = Release|Win32
		{F3B33FB5-57DC-44CC-8B99-52AFA5F087BF}.Profile|Win32.Build.0 = Release|Win32
		{F3B33FB5-57DC-44CC-8B99-52AFA5F087BF}.Profile|x64.ActiveCfg = Release|Win32
		{F3B33FB5-57DC-44CC-8B99-52AFA5F087BF}.Release|Win32.ActiveCfg = Release|Win32
		{F3B33FB5-57DC-44CC-8B99-52AFA5F087BF}.Release|Win32.Build.0 = Release|Win32
		{F3B33FB5-57DC-44CC-8B99-52AFA5F087BF}.Release|x64.ActiveCfg = Release|Win32
		{126C2A20-0584-41BD-8658-164B81C4E8F7}.Debug_Static|Win32.ActiveCfg = Debug_Static|Win32
		{126C2A20-0584-41BD-8658-164B81C4E8F7}.Debug_Static|Win32.Build.0 = Debug_Static|Win32
		{126C2A20-0584-41BD-8658-164B81C4E8F7}.Debug_Static|x64.ActiveCfg = Debug_Static|Win32
		{126C2A20-0584-41BD-8658-164B81C4E8F7}.Debug|Win32.ActiveCfg = Debug|Win32
		{126C2A20-0584-41BD-8658-164B81C4E8F7}.Debug|Win32.Build.0 = Debug|Win32
		{126C2A20-0584-41BD-8658-164B81C4E8F7}.Debug|x64.ActiveCfg = Debug|Win32
		{126C2A20-0584-41BD-8658-164B81C4E8F7}.Profile|Win32.ActiveCfg = Release|Win32
		{126C2A20-0584-41BD-8658-164B81C4E8F7}.Profile|Win32.Build.0 = Release|Win32
		{126C2A20-0584-41BD-8658-164B81C4E8F7}.Profile|x64.ActiveCfg = Release|Win32
		{126C2A20-0584-41BD-8658-164B81C4E8F7}.Release|Win32.ActiveCfg = Release|Win32
		{126C2A20-0584-41BD-8658-164B81C4E8F7}.Release|Win32.Build.0 = Release|Win32
		{126C2A20-0584-41BD-8658-164B81C4E8F7}.Release|x64.ActiveCfg = Release|Win32
		{CA504778-5B82-4BC6-9E87-3F394E6F7F79}.Debug_Static|Win32.ActiveCfg = Debug_Static|Win32
		{CA504778-5B82-4BC6-9E87-3F394E6F7F79}.Debug_Static|Win32.Build.0 = Debug_Static|Win32
		{CA504778-5B82-4BC6-9E87-3F394E6F7F79}.Debug_Static|x64.ActiveCfg = Debug_Static|Win32
		{CA504778-5B82-4BC6-9E87-3F394E6F7F79}.Debug|Win32.ActiveCfg = Debug|Win32
		{CA504778-5B82-4BC6-9E87-3F394E6F7F79}.Debug|Win32.Build.0 = Debug|Win32
		{CA504778-5B82-4BC6-9E87-3F394E6F7F79}.Debug|x64.ActiveCfg = Debug|Win32
		{CA504778-5B82-4BC6-9E87-3F394E6F7F79}.Profile|Win32.ActiveCfg = Release|Win32
		{CA504778-5B82-4BC6-9E87-3F394E6F7F79}.Profile|Win32.Build.0 = Release|Win32
		{CA504778-5B82-4BC6-9E87-3F394E6F7F79}.Profile|x64.ActiveCfg = Release|Win32
		{CA504778-5B82-4BC6-9E87-3F394E6F7F79}.Release|Win32.ActiveCfg = Release|Win32
		{CA504778-5B82-4BC6-9E87-3F394E6F7F79}.Release|Win32.Build.0 = Release|Win32
		{CA504778-5B82-4BC6-9E87-3F394E6F7F79}.Release|x64.ActiveCfg = Release|Win32
		{BC821220-382D-4691-8BBE-6DB8F45DA3F3}.Debug_Static|Win32.ActiveCfg = Debug_Static|Win32
		{BC821220-382D-4691-8BBE-6DB8F45DA3F3}.Debug_Static|Win32.Build.0 = Debug_Static|Win32
		{BC821220-382D-4691-8BBE-6DB8F45DA3F3}.Debug_Static|x64.ActiveCfg = Debug_Static|Win32
		{BC821220-382D-4691-8BBE-6DB8F45DA3F3}.Debug|Win32.ActiveCfg = Debug|Win32
		{BC821220-382D-4691-8BBE-6DB8F45DA3F3}.Debug|Win32.Build.0 = Debug|Win32
		{BC821220-382D-4691-8BBE-6DB8F45DA3F3}.Debug|x64.ActiveCfg = Debug|Win32
		{BC821220-382D-4691-8BBE-6DB8F45DA3F3}.Profile|Win32.ActiveCfg = Release|Win32
		{BC821220-382D-4691-8BBE-6DB8F45DA3F3}.Profile|Win32.Build.0 = Release|Win32
		{BC821220-382D-4691-8BBE-6DB8F45DA3F3}.Profile|x64.ActiveCfg = Release|Win32
		{BC821220-382D-4691-8BBE-6DB8F45DA3F3}.Release|Win32.ActiveCfg = Release|Win32
		{BC821220-382D-4691-8BBE-6DB8F45DA3F3}.Release|Win32.Build.0 = Release|Win32
		{BC821220-382D-4691-8BBE-6DB8F45DA3F3}.Release|x64.ActiveCfg = Release|Win32
		{F2D735A6-3645-4A06-B368-BCC38D42EFEE}.Debug_Static|Win32.ActiveCfg = Debug_Static|Win32
		{F2D735A6-3645-4A06-B368-BCC38D42EFEE}.Debug_Static|Win32.Build.0 = Debug_Static|Win32
		{F2D735A6-3645-4A06-B368-BCC38D42EFEE}.Debug_Static|x64.ActiveCfg = Debug_Static|Win32
		{F2D735A6-3645-4A06-B368-BCC38D42EFEE}.Debug|Win32.ActiveCfg = Debug|Win32
		{F2D735A6-3645-4A06-B368-BCC38D42EFEE}.Debug|Win32.Build.0 = Debug|Win32
		{F2D735A6-3645-4A06-B368-BCC38D42EFEE}.Debug|x64.ActiveCfg = Debug|Win32
		{F2D735A6-3645-4A06-B368-BCC38D42EFEE}.Profile|Win32.ActiveCfg = Release|Win32
		{F2D735A6-3645-4A06-B368-BCC38D42EFEE}.Profile|Win32.Build.0 = Release|Win32
		{F2D735A6-3645-4A06-B368-BCC38D42EFEE}.Profile|x64.ActiveCfg = Release|Win32
		{F2D735A6-3645-4A06-B368-BCC38D42EFEE}.Release|Win32.ActiveCfg = Release|Win32
		{F2D735A6-3645-4A06-B368-BCC38D42EFEE}.Release|Win32.Build.0 = Release|Win32
		{F2D735A6-3645-4A06-B368-BCC38D42EFEE}.Release|x64.ActiveCfg = Release|Win32
		{B46B180B-6079-4CE6-8647-A7D712774255}.Debug_Static|Win32.ActiveCfg = Debug_Static|Win32
		{B46B180B-6079-4CE6-8647-A7D712774255}.Debug_Static|Win32.Build.0 = Debug_Static|Win32
		{B46B180B-6079-4CE6-8647-A7D712774255}.Debug_Static|x64.ActiveCfg = Debug_Static|x64
		{B46B180B-6079-4CE6-8647-A7D712774255}.Debug_Static|x64.Build.0 = Debug_Static|x64
		{B46B180B-6079-4CE6-8647-A7D712774255}.Debug|Win32.ActiveCfg = Debug|Win32
		{B46B180B-6079-4CE6-8647-A7D712774255}.Debug|Win32.Build.0 = Debug|Win32
		{B46B180B-6079-4CE6-8647-A7D712774255}.Debug|x64.ActiveCfg = Debug|x64
		{B46B180B-6079-4CE6-8647-A7D712774255}.Debug|x64.Build.0 = Debug|x64
		{B46B180B-6079-4CE6-8647-A7D712774255}.Profile|Win32.ActiveCfg = Release|x64
		{B46B180B-6079-4CE6-8647-A7D712774255}.Profile|x64.ActiveCfg = Release|x64
		{B46B180B-6079-4CE6-8647-A7D712774255}.Profile|x64.Build.0 = Release|x64
		{B46B180B-6079-4CE6-8647-A7D712774255}.Release|Win32.ActiveCfg = Release|Win32
		{B46B180B-6079-4CE6-8647-A7D712774255}.Release|Win32.Build.0 = Release|Win32
		{B46B180B-6079-4CE6-8647-A7D712774255}.Release|x64.ActiveCfg = Release|x64
		{B46B180B-6079-4CE6-8647-A7D712774255}.Release|x64.Build.0 = Release|x64
		{9C0F9AC1-ED6C-41C3-8078-CE565E945B75}.Debug_Static|Win32.ActiveCfg = Debug_Static|Win32
		{9C0F9AC1-ED6C-41C3-8078-CE565E945B75}.Debug_Static|Win32.Build.0 = Debug_Static|Win32
		{9C0F9AC1-ED6C-41C3-8078-CE565E945B75}.Debug_Static|x64.ActiveCfg = Debug_Static|Win32
		{9C0F9AC1-ED6C-41C3-8078-CE565E945B75}.Debug|Win32.ActiveCfg = Debug|Win32
		{9C0F9AC1-ED6C-41C3-8078-CE565E945B75}.Debug|Win32.Build.0 = Debug|Win32
		{9C0F9AC1-ED6C-41C3-8078-CE565E945B75}.Debug|x64.ActiveCfg = Debug|Win32
		{9C0F9AC1-ED6C-41C3-8078-CE565E945B75}.Profile|Win32.ActiveCfg = Release|Win32
		{9C0F9AC1-ED6C-41C3-8078-CE565E945B75}.Profile|Win32.Build.0 = Release|Win32
		{9C0F9AC1-ED6C-41C3-8078-CE565E945B75}.Profile|x64.ActiveCfg = Release|Win32
		{9C0F9AC1-ED6C-41C3-8078-CE565E945B75}.Release|Win32.ActiveCfg = Release|Win32
		{9C0F9AC1-ED6C-41C3-8078-CE565E945B75}.Release|Win32.Build.0 = Release|Win32
		{9C0F9AC1-ED6C-41C3-8078-CE565E945B75}.Release|x64.ActiveCfg = Release|Win32
		{6E4F6764-BB80-4FA7-BDEB-296DFB306160}.Debug_Static|Win32.ActiveCfg = Debug|Win32
		{6E4F6764-BB80-4FA7-BDEB-296DFB306160}.Debug_Static|Win32.Build.0 = Debug|Win32
		{6E4F6764-BB80-4FA7-BDEB-296DFB306160}.Debug_Static|x64.ActiveCfg = Debug_Static|Win32
		{6E4F6764-BB80-4FA7-BDEB-296DFB306160}.Debug|Win32.ActiveCfg = Debug|Win32
		{6E4F6764-BB80-4FA7-BDEB-296DFB306160}.Debug|Win32.Build.0 = Debug|Win32
		{6E4F6764-BB80-4FA7-BDEB-296DFB306160}.Debug|x64.ActiveCfg = Debug|Win32
		{6E4F6764-BB80-4FA7-BDEB-296DFB306160}.Profile|Win32.ActiveCfg = Release|Win32
		{6E4F6764-BB80-4FA7-BDEB-296DFB306160}.Profile|Win32.Build.0 = Release|Win32
		{6E4F6764-BB80-4FA7-BDEB-296DFB306160}.Profile|x64.ActiveCfg = Release|Win32
		{6E4F6764-BB80-4FA7-BDEB-296DFB306160}.Release|Win32.ActiveCfg = Release|Win32
		{6E4F6764-BB80-4FA7-BDEB-296DFB306160}.Release|Win32.Build.0 = Release|Win32
		{6E4F6764-BB80-4FA7-BDEB-296DFB306160}.Release|x64.ActiveCfg = Release|Win32
		{8346784F-011E-422A-B0CC-F383A21C4B69}.Debug_Static|Win32.ActiveCfg = Debug|Win32
		{8346784F-011E-422A-B0CC-F383A21C4B69}.Debug_Static|x64.ActiveCfg = Debug|Win32
		{8346784F-011E-422A-B0CC-F383A21C4B69}.Debug|Win32.ActiveCfg = Debug|Win32
		{8346784F-011E-422A-B0CC-F383A21C4B69}.Debug|Win32.Build.0 = Debug|Win32
		{8346784F-011E-422A-B0CC-F383A21C4B69}.Debug|x64.ActiveCfg = Debug|Win32
		{8346784F-011E-422A-B0CC-F383A21C4B69}.Profile|Win32.ActiveCfg = Release|Win32
		{8346784F-011E-422A-B0CC-F383A21C4B69}.Profile|Win32.Build.0 = Release|Win32
		{8346784F-011E-422A-B0CC-F383A21C4B69}.Profile|x64.ActiveCfg = Release|Win32
		{8346784F-011E-422A-B0CC-F383A21C4B69}.Release|Win32.ActiveCfg = Release|Win32
		{8346784F-011E-422A-B0CC-F383A21C4B69}.Release|Win32.Build.0 = Release|Win32
		{8346784F-011E-422A-B0CC-F383A21C4B69}.Release|x64.ActiveCfg = Release|Win32
	EndGlobalSection
	GlobalSection(SolutionProperties) = preSolution
		HideSolutionNode = FALSE
	EndGlobalSection
	GlobalSection(NestedProjects) = preSolution
		{CF84D42C-A3C4-4D56-9586-EFF4FC3271ED} = {5E0DB312-D4EB-4172-9E18-D41E955996B2}
		{B5B97509-1F26-4D3E-AC89-C3B99CA25E55} = {5E0DB312-D4EB-4172-9E18-D41E955996B2}
		{CA504778-5B82-4BC6-9E87-3F394E6F7F79} = {E0D2E242-4A80-4E55-9B15-58BA67769E27}
		{25699BA0-10FE-4469-A646-B2F2E8CCEEDF} = {E0D2E242-4A80-4E55-9B15-58BA67769E27}
		{126C2A20-0584-41BD-8658-164B81C4E8F7} = {2470354D-9F80-4733-A5B4-58D7A7E1AF39}
		{BC821220-382D-4691-8BBE-6DB8F45DA3F3} = {2470354D-9F80-4733-A5B4-58D7A7E1AF39}
		{F3B33FB5-57DC-44CC-8B99-52AFA5F087BF} = {2470354D-9F80-4733-A5B4-58D7A7E1AF39}
		{B46B180B-6079-4CE6-8647-A7D712774255} = {798A8E2D-6334-463B-939D-A667599D620E}
		{9C0F9AC1-ED6C-41C3-8078-CE565E945B75} = {798A8E2D-6334-463B-939D-A667599D620E}
		{F2D735A6-3645-4A06-B368-BCC38D42EFEE} = {798A8E2D-6334-463B-939D-A667599D620E}
		{6E4F6764-BB80-4FA7-BDEB-296DFB306160} = {798A8E2D-6334-463B-939D-A667599D620E}
		{8346784F-011E-422A-B0CC-F383A21C4B69} = {798A8E2D-6334-463B-939D-A667599D620E}
	EndGlobalSection
EndGlobal
